
Microsoft Visual Studio Solution File, Format Version 12.00
# Visual Studio Version 17
VisualStudioVersion = 17.2.32519.379
MinimumVisualStudioVersion = 10.0.40219.1
Project("{9A19103F-16F7-4668-BE54-9A1E7A4F7556}") = "3-variaveisPontoFlutuante", "3-variaveisPontoFlutuante\3-variaveisPontoFlutuante.csproj", "{A563016A-4578-4920-A28C-3536F271DCAB}"
EndProject
Project("{9A19103F-16F7-4668-BE54-9A1E7A4F7556}") = "4-ConversoesEoutrosTipos", "4-ConversoesEoutrosTipos\4-ConversoesEoutrosTipos.csproj", "{088A687E-96DC-4DC7-8A24-F57587357414}"
EndProject
Project("{9A19103F-16F7-4668-BE54-9A1E7A4F7556}") = "5-CaracteresEtextos", "5-CaracteresEtextos\5-CaracteresEtextos.csproj", "{F9DF2F49-8364-496B-9ADD-10D9996C198B}"
EndProject
Project("{FAE04EC0-301F-11D3-BF4B-00C04F79EFBC}") = "6-AtribuicoesDeVariaveis", "6-AtribuicoesDeVariaveis\6-AtribuicoesDeVariaveis.csproj", "{71EC03F8-5959-4284-A9B9-824F081D989C}"
EndProject
Project("{FAE04EC0-301F-11D3-BF4B-00C04F79EFBC}") = "7-Condicionais", "7-Condicionais\7-Condicionais.csproj", "{85D1D6E9-42D6-4C86-A80A-8F33B616A906}"
EndProject
Project("{FAE04EC0-301F-11D3-BF4B-00C04F79EFBC}") = "8-Condicionais2", "8-Condicionais2\8-Condicionais2.csproj", "{5545DF0E-41A4-4D2D-BD7E-CE7493E791FD}"
EndProject
Global
	GlobalSection(SolutionConfigurationPlatforms) = preSolution
		Debug|Any CPU = Debug|Any CPU
		Release|Any CPU = Release|Any CPU
	EndGlobalSection
	GlobalSection(ProjectConfigurationPlatforms) = postSolution
		{A563016A-4578-4920-A28C-3536F271DCAB}.Debug|Any CPU.ActiveCfg = Debug|Any CPU
		{A563016A-4578-4920-A28C-3536F271DCAB}.Debug|Any CPU.Build.0 = Debug|Any CPU
		{A563016A-4578-4920-A28C-3536F271DCAB}.Release|Any CPU.ActiveCfg = Release|Any CPU
		{A563016A-4578-4920-A28C-3536F271DCAB}.Release|Any CPU.Build.0 = Release|Any CPU
		{088A687E-96DC-4DC7-8A24-F57587357414}.Debug|Any CPU.ActiveCfg = Debug|Any CPU
		{088A687E-96DC-4DC7-8A24-F57587357414}.Debug|Any CPU.Build.0 = Debug|Any CPU
		{088A687E-96DC-4DC7-8A24-F57587357414}.Release|Any CPU.ActiveCfg = Release|Any CPU
		{088A687E-96DC-4DC7-8A24-F57587357414}.Release|Any CPU.Build.0 = Release|Any CPU
		{F9DF2F49-8364-496B-9ADD-10D9996C198B}.Debug|Any CPU.ActiveCfg = Debug|Any CPU
		{F9DF2F49-8364-496B-9ADD-10D9996C198B}.Debug|Any CPU.Build.0 = Debug|Any CPU
		{F9DF2F49-8364-496B-9ADD-10D9996C198B}.Release|Any CPU.ActiveCfg = Release|Any CPU
		{F9DF2F49-8364-496B-9ADD-10D9996C198B}.Release|Any CPU.Build.0 = Release|Any CPU
		{71EC03F8-5959-4284-A9B9-824F081D989C}.Debug|Any CPU.ActiveCfg = Debug|Any CPU
		{71EC03F8-5959-4284-A9B9-824F081D989C}.Debug|Any CPU.Build.0 = Debug|Any CPU
		{71EC03F8-5959-4284-A9B9-824F081D989C}.Release|Any CPU.ActiveCfg = Release|Any CPU
		{71EC03F8-5959-4284-A9B9-824F081D989C}.Release|Any CPU.Build.0 = Release|Any CPU
		{85D1D6E9-42D6-4C86-A80A-8F33B616A906}.Debug|Any CPU.ActiveCfg = Debug|Any CPU
		{85D1D6E9-42D6-4C86-A80A-8F33B616A906}.Debug|Any CPU.Build.0 = Debug|Any CPU
		{85D1D6E9-42D6-4C86-A80A-8F33B616A906}.Release|Any CPU.ActiveCfg = Release|Any CPU
		{85D1D6E9-42D6-4C86-A80A-8F33B616A906}.Release|Any CPU.Build.0 = Release|Any CPU
		{5545DF0E-41A4-4D2D-BD7E-CE7493E791FD}.Debug|Any CPU.ActiveCfg = Debug|Any CPU
		{5545DF0E-41A4-4D2D-BD7E-CE7493E791FD}.Debug|Any CPU.Build.0 = Debug|Any CPU
		{5545DF0E-41A4-4D2D-BD7E-CE7493E791FD}.Release|Any CPU.ActiveCfg = Release|Any CPU
		{5545DF0E-41A4-4D2D-BD7E-CE7493E791FD}.Release|Any CPU.Build.0 = Release|Any CPU
	EndGlobalSection
	GlobalSection(SolutionProperties) = preSolution
		HideSolutionNode = FALSE
	EndGlobalSection
	GlobalSection(ExtensibilityGlobals) = postSolution
		SolutionGuid = {7DE4492E-271D-4DAA-B046-D05583557E3B}
	EndGlobalSection
EndGlobal
